
Microsoft Visual Studio Solution File, Format Version 12.00
# Visual Studio Version 17
VisualStudioVersion = 17.8.34322.80
MinimumVisualStudioVersion = 10.0.40219.1
Project("{9A19103F-16F7-4668-BE54-9A1E7A4F7556}") = "Employee", "Employee\Employee.csproj", "{34ABA129-DA13-4DDD-A902-6845CCB0A583}"
EndProject
Project("{FAE04EC0-301F-11D3-BF4B-00C04F79EFBC}") = "BankAccount", "BankAccount\BankAccount.csproj", "{451C8FED-4181-4182-AFE2-2C64688304E8}"
EndProject
Global
	GlobalSection(SolutionConfigurationPlatforms) = preSolution
		Debug|Any CPU = Debug|Any CPU
		Release|Any CPU = Release|Any CPU
	EndGlobalSection
	GlobalSection(ProjectConfigurationPlatforms) = postSolution
		{34ABA129-DA13-4DDD-A902-6845CCB0A583}.Debug|Any CPU.ActiveCfg = Debug|Any CPU
		{34ABA129-DA13-4DDD-A902-6845CCB0A583}.Debug|Any CPU.Build.0 = Debug|Any CPU
		{34ABA129-DA13-4DDD-A902-6845CCB0A583}.Release|Any CPU.ActiveCfg = Release|Any CPU
		{34ABA129-DA13-4DDD-A902-6845CCB0A583}.Release|Any CPU.Build.0 = Release|Any CPU
		{451C8FED-4181-4182-AFE2-2C64688304E8}.Debug|Any CPU.ActiveCfg = Debug|Any CPU
		{451C8FED-4181-4182-AFE2-2C64688304E8}.Debug|Any CPU.Build.0 = Debug|Any CPU
		{451C8FED-4181-4182-AFE2-2C64688304E8}.Release|Any CPU.ActiveCfg = Release|Any CPU
		{451C8FED-4181-4182-AFE2-2C64688304E8}.Release|Any CPU.Build.0 = Release|Any CPU
	EndGlobalSection
	GlobalSection(SolutionProperties) = preSolution
		HideSolutionNode = FALSE
	EndGlobalSection
	GlobalSection(ExtensibilityGlobals) = postSolution
		SolutionGuid = {F3CB2A38-D086-4F13-AC6C-BE60F246BDB0}
	EndGlobalSection
EndGlobal
